
Microsoft Visual Studio Solution File, Format Version 12.00
# Visual Studio Version 16
VisualStudioVersion = 16.0.31702.278
MinimumVisualStudioVersion = 10.0.40219.1
Project("{FAE04EC0-301F-11D3-BF4B-00C04F79EFBC}") = "ControlIngresoGastos", "ControlIngresoGastos.csproj", "{DCC6AA25-7E29-4AB4-8B3C-E1FD24C3970D}"
EndProject
Global
	GlobalSection(SolutionConfigurationPlatforms) = preSolution
		Debug|Any CPU = Debug|Any CPU
		Release|Any CPU = Release|Any CPU
	EndGlobalSection
	GlobalSection(ProjectConfigurationPlatforms) = postSolution
		{DCC6AA25-7E29-4AB4-8B3C-E1FD24C3970D}.Debug|Any CPU.ActiveCfg = Debug|Any CPU
		{DCC6AA25-7E29-4AB4-8B3C-E1FD24C3970D}.Debug|Any CPU.Build.0 = Debug|Any CPU
		{DCC6AA25-7E29-4AB4-8B3C-E1FD24C3970D}.Release|Any CPU.ActiveCfg = Release|Any CPU
		{DCC6AA25-7E29-4AB4-8B3C-E1FD24C3970D}.Release|Any CPU.Build.0 = Release|Any CPU
	EndGlobalSection
	GlobalSection(SolutionProperties) = preSolution
		HideSolutionNode = FALSE
	EndGlobalSection
	GlobalSection(ExtensibilityGlobals) = postSolution
		SolutionGuid = {F87C0752-2A93-4C30-97E0-D51109980B93}
	EndGlobalSection
EndGlobal
